
Microsoft Visual Studio Solution File, Format Version 12.00
Project("{FAE04EC0-301F-11D3-BF4B-00C04F79EFBC}") = "CustomerAccountManagement", "CustomerAccountManagement\CustomerAccountManagement.csproj", "{45235DC1-DA10-4D97-AFDA-67959A69B0B9}"
EndProject
Project("{FAE04EC0-301F-11D3-BF4B-00C04F79EFBC}") = "CustomerAccountManagement.DomainServices", "CustomerAccountManagement.DomainServices\CustomerAccountManagement.DomainServices.csproj", "{0E6B9323-3572-4AB0-B23F-BBD037844332}"
EndProject
Project("{FAE04EC0-301F-11D3-BF4B-00C04F79EFBC}") = "CustomerAccountManagement.Domain", "CustomerAccountManagement.Domain\CustomerAccountManagement.Domain.csproj", "{D163C754-B553-4218-B61D-1098ADA961E5}"
EndProject
Project("{FAE04EC0-301F-11D3-BF4B-00C04F79EFBC}") = "CustomerAccountManagement.Infrastructure", "CustomerAccountManagement.Infrastructure\CustomerAccountManagement.Infrastructure.csproj", "{6C8B588C-63C0-4E1E-9131-F0DE7B9AF535}"
EndProject
Global
	GlobalSection(SolutionConfigurationPlatforms) = preSolution
		Debug|Any CPU = Debug|Any CPU
		Release|Any CPU = Release|Any CPU
	EndGlobalSection
	GlobalSection(ProjectConfigurationPlatforms) = postSolution
		{45235DC1-DA10-4D97-AFDA-67959A69B0B9}.Debug|Any CPU.ActiveCfg = Debug|Any CPU
		{45235DC1-DA10-4D97-AFDA-67959A69B0B9}.Debug|Any CPU.Build.0 = Debug|Any CPU
		{45235DC1-DA10-4D97-AFDA-67959A69B0B9}.Release|Any CPU.ActiveCfg = Release|Any CPU
		{45235DC1-DA10-4D97-AFDA-67959A69B0B9}.Release|Any CPU.Build.0 = Release|Any CPU
		{0E6B9323-3572-4AB0-B23F-BBD037844332}.Debug|Any CPU.ActiveCfg = Debug|Any CPU
		{0E6B9323-3572-4AB0-B23F-BBD037844332}.Debug|Any CPU.Build.0 = Debug|Any CPU
		{0E6B9323-3572-4AB0-B23F-BBD037844332}.Release|Any CPU.ActiveCfg = Release|Any CPU
		{0E6B9323-3572-4AB0-B23F-BBD037844332}.Release|Any CPU.Build.0 = Release|Any CPU
		{D163C754-B553-4218-B61D-1098ADA961E5}.Debug|Any CPU.ActiveCfg = Debug|Any CPU
		{D163C754-B553-4218-B61D-1098ADA961E5}.Debug|Any CPU.Build.0 = Debug|Any CPU
		{D163C754-B553-4218-B61D-1098ADA961E5}.Release|Any CPU.ActiveCfg = Release|Any CPU
		{D163C754-B553-4218-B61D-1098ADA961E5}.Release|Any CPU.Build.0 = Release|Any CPU
		{6C8B588C-63C0-4E1E-9131-F0DE7B9AF535}.Debug|Any CPU.ActiveCfg = Debug|Any CPU
		{6C8B588C-63C0-4E1E-9131-F0DE7B9AF535}.Debug|Any CPU.Build.0 = Debug|Any CPU
		{6C8B588C-63C0-4E1E-9131-F0DE7B9AF535}.Release|Any CPU.ActiveCfg = Release|Any CPU
		{6C8B588C-63C0-4E1E-9131-F0DE7B9AF535}.Release|Any CPU.Build.0 = Release|Any CPU
	EndGlobalSection
EndGlobal
