
Microsoft Visual Studio Solution File, Format Version 12.00
Project("{FAE04EC0-301F-11D3-BF4B-00C04F79EFBC}") = "SupplierManagement", "SupplierManagement\SupplierManagement.csproj", "{FED7E0A4-5F86-4108-8947-6B852D4E7223}"
EndProject
Project("{FAE04EC0-301F-11D3-BF4B-00C04F79EFBC}") = "SupplierManagement.Domain", "SupplierManagement.Domain\SupplierManagement.Domain.csproj", "{3C5A5B86-B46D-4CA3-87A5-489C0AEC766C}"
EndProject
Project("{FAE04EC0-301F-11D3-BF4B-00C04F79EFBC}") = "SupplierManagement.DomainServices", "SupplierManagement.DomainServices\SupplierManagement.DomainServices.csproj", "{7973C1DE-B9F3-4B6B-91DC-27D4BF14F578}"
EndProject
Project("{FAE04EC0-301F-11D3-BF4B-00C04F79EFBC}") = "SupplierManagement.Infrastructure", "SupplierManagement.Infrastructure\SupplierManagement.Infrastructure.csproj", "{3DCCC5C4-EB45-4930-BD40-C5AB0ED35738}"
EndProject
Global
	GlobalSection(SolutionConfigurationPlatforms) = preSolution
		Debug|Any CPU = Debug|Any CPU
		Release|Any CPU = Release|Any CPU
	EndGlobalSection
	GlobalSection(ProjectConfigurationPlatforms) = postSolution
		{FED7E0A4-5F86-4108-8947-6B852D4E7223}.Debug|Any CPU.ActiveCfg = Debug|Any CPU
		{FED7E0A4-5F86-4108-8947-6B852D4E7223}.Debug|Any CPU.Build.0 = Debug|Any CPU
		{FED7E0A4-5F86-4108-8947-6B852D4E7223}.Release|Any CPU.ActiveCfg = Release|Any CPU
		{FED7E0A4-5F86-4108-8947-6B852D4E7223}.Release|Any CPU.Build.0 = Release|Any CPU
		{3C5A5B86-B46D-4CA3-87A5-489C0AEC766C}.Debug|Any CPU.ActiveCfg = Debug|Any CPU
		{3C5A5B86-B46D-4CA3-87A5-489C0AEC766C}.Debug|Any CPU.Build.0 = Debug|Any CPU
		{3C5A5B86-B46D-4CA3-87A5-489C0AEC766C}.Release|Any CPU.ActiveCfg = Release|Any CPU
		{3C5A5B86-B46D-4CA3-87A5-489C0AEC766C}.Release|Any CPU.Build.0 = Release|Any CPU
		{7973C1DE-B9F3-4B6B-91DC-27D4BF14F578}.Debug|Any CPU.ActiveCfg = Debug|Any CPU
		{7973C1DE-B9F3-4B6B-91DC-27D4BF14F578}.Debug|Any CPU.Build.0 = Debug|Any CPU
		{7973C1DE-B9F3-4B6B-91DC-27D4BF14F578}.Release|Any CPU.ActiveCfg = Release|Any CPU
		{7973C1DE-B9F3-4B6B-91DC-27D4BF14F578}.Release|Any CPU.Build.0 = Release|Any CPU
		{3DCCC5C4-EB45-4930-BD40-C5AB0ED35738}.Debug|Any CPU.ActiveCfg = Debug|Any CPU
		{3DCCC5C4-EB45-4930-BD40-C5AB0ED35738}.Debug|Any CPU.Build.0 = Debug|Any CPU
		{3DCCC5C4-EB45-4930-BD40-C5AB0ED35738}.Release|Any CPU.ActiveCfg = Release|Any CPU
		{3DCCC5C4-EB45-4930-BD40-C5AB0ED35738}.Release|Any CPU.Build.0 = Release|Any CPU
	EndGlobalSection
EndGlobal
